Microsoft Visual Studio Solution File, Format Version 12.00
# Visual Studio Version 17
VisualStudioVersion = 17.5.2.0
MinimumVisualStudioVersion = 10.0.40219.1
Project("{FAE04EC0-301F-11D3-BF4B-00C04F79EFBC}") = "ReductioAbsurdum", "ReductioAbsurdum.csproj", "{49406215-AAA8-4043-B4A5-8ACE8627FE0F}"
EndProject
Global
	GlobalSection(SolutionConfigurationPlatforms) = preSolution
		Debug|Any CPU = Debug|Any CPU
		Release|Any CPU = Release|Any CPU
	EndGlobalSection
	GlobalSection(ProjectConfigurationPlatforms) = postSolution
		{49406215-AAA8-4043-B4A5-8ACE8627FE0F}.Debug|Any CPU.ActiveCfg = Debug|Any CPU
		{49406215-AAA8-4043-B4A5-8ACE8627FE0F}.Debug|Any CPU.Build.0 = Debug|Any CPU
		{49406215-AAA8-4043-B4A5-8ACE8627FE0F}.Release|Any CPU.ActiveCfg = Release|Any CPU
		{49406215-AAA8-4043-B4A5-8ACE8627FE0F}.Release|Any CPU.Build.0 = Release|Any CPU
	EndGlobalSection
	GlobalSection(SolutionProperties) = preSolution
		HideSolutionNode = FALSE
	EndGlobalSection
	GlobalSection(ExtensibilityGlobals) = postSolution
		SolutionGuid = {D9E308D9-F8AF-46C3-BDAA-739CF7493904}
	EndGlobalSection
EndGlobal
